
Microsoft Visual Studio Solution File, Format Version 12.00
# Visual Studio Express 2012 for Windows Desktop
Project("{FAE04EC0-301F-11D3-BF4B-00C04F79EFBC}") = "WpfCom", "WpfCom\WpfCom.csproj", "{AF5D9133-700F-479E-9011-2E47D74145FB}"
EndProject
Project("{FAE04EC0-301F-11D3-BF4B-00C04F79EFBC}") = "WpfComTest", "WpfComTest\WpfComTest.csproj", "{88960EDE-B182-4C19-8F2F-370BDAAFB0F1}"
EndProject
Global
	GlobalSection(SolutionConfigurationPlatforms) = preSolution
		Debug|Any CPU = Debug|Any CPU
		Debug|Mixed Platforms = Debug|Mixed Platforms
		Debug|x86 = Debug|x86
		Release|Any CPU = Release|Any CPU
		Release|Mixed Platforms = Release|Mixed Platforms
		Release|x86 = Release|x86
	EndGlobalSection
	GlobalSection(ProjectConfigurationPlatforms) = postSolution
		{AF5D9133-700F-479E-9011-2E47D74145FB}.Debug|Any CPU.ActiveCfg = Debug|x86
		{AF5D9133-700F-479E-9011-2E47D74145FB}.Debug|Mixed Platforms.ActiveCfg = Debug|x86
		{AF5D9133-700F-479E-9011-2E47D74145FB}.Debug|Mixed Platforms.Build.0 = Debug|x86
		{AF5D9133-700F-479E-9011-2E47D74145FB}.Debug|x86.ActiveCfg = Debug|x86
		{AF5D9133-700F-479E-9011-2E47D74145FB}.Debug|x86.Build.0 = Debug|x86
		{AF5D9133-700F-479E-9011-2E47D74145FB}.Release|Any CPU.ActiveCfg = Release|x86
		{AF5D9133-700F-479E-9011-2E47D74145FB}.Release|Mixed Platforms.ActiveCfg = Release|x86
		{AF5D9133-700F-479E-9011-2E47D74145FB}.Release|Mixed Platforms.Build.0 = Release|x86
		{AF5D9133-700F-479E-9011-2E47D74145FB}.Release|x86.ActiveCfg = Release|x86
		{AF5D9133-700F-479E-9011-2E47D74145FB}.Release|x86.Build.0 = Release|x86
		{88960EDE-B182-4C19-8F2F-370BDAAFB0F1}.Debug|Any CPU.ActiveCfg = Debug|Any CPU
		{88960EDE-B182-4C19-8F2F-370BDAAFB0F1}.Debug|Any CPU.Build.0 = Debug|Any CPU
		{88960EDE-B182-4C19-8F2F-370BDAAFB0F1}.Debug|Mixed Platforms.ActiveCfg = Debug|Any CPU
		{88960EDE-B182-4C19-8F2F-370BDAAFB0F1}.Debug|Mixed Platforms.Build.0 = Debug|Any CPU
		{88960EDE-B182-4C19-8F2F-370BDAAFB0F1}.Debug|x86.ActiveCfg = Debug|Any CPU
		{88960EDE-B182-4C19-8F2F-370BDAAFB0F1}.Release|Any CPU.ActiveCfg = Release|Any CPU
		{88960EDE-B182-4C19-8F2F-370BDAAFB0F1}.Release|Any CPU.Build.0 = Release|Any CPU
		{88960EDE-B182-4C19-8F2F-370BDAAFB0F1}.Release|Mixed Platforms.ActiveCfg = Release|Any CPU
		{88960EDE-B182-4C19-8F2F-370BDAAFB0F1}.Release|Mixed Platforms.Build.0 = Release|Any CPU
		{88960EDE-B182-4C19-8F2F-370BDAAFB0F1}.Release|x86.ActiveCfg = Release|Any CPU
	EndGlobalSection
	GlobalSection(SolutionProperties) = preSolution
		HideSolutionNode = FALSE
	EndGlobalSection
EndGlobal
